
Microsoft Visual Studio Solution File, Format Version 12.00
# Visual Studio Version 17
VisualStudioVersion = 17.8.34309.116
MinimumVisualStudioVersion = 10.0.40219.1
Project("{9A19103F-16F7-4668-BE54-9A1E7A4F7556}") = "Day01", "Day01\Day01.csproj", "{647E8475-39E2-4E5C-8E0D-ACD0D82B0AE9}"
EndProject
Project("{9A19103F-16F7-4668-BE54-9A1E7A4F7556}") = "Day02", "Day02\Day02.csproj", "{C6586E8A-4EDB-4647-8D64-4BF8EE2B6E1F}"
EndProject
Project("{9A19103F-16F7-4668-BE54-9A1E7A4F7556}") = "Day03", "Day03\Day03.csproj", "{1F579014-3044-451B-BB3E-9EEF8136711D}"
EndProject
Project("{9A19103F-16F7-4668-BE54-9A1E7A4F7556}") = "Day04", "Day04\Day04.csproj", "{A8FEBC9B-20B3-43AD-9AF9-BE1EFB88759D}"
EndProject
Project("{9A19103F-16F7-4668-BE54-9A1E7A4F7556}") = "Day05", "Day05\Day05.csproj", "{0E11B589-85CE-4B05-BCDE-2B4B658E2B93}"
EndProject
Project("{9A19103F-16F7-4668-BE54-9A1E7A4F7556}") = "Day06", "Day06\Day06.csproj", "{E7C9EBB0-7DE7-4816-B750-CF5587244B89}"
EndProject
Project("{9A19103F-16F7-4668-BE54-9A1E7A4F7556}") = "Day07", "Day07\Day07.csproj", "{FB33ED52-A1EE-47C1-9911-A477A054046D}"
EndProject
Project("{9A19103F-16F7-4668-BE54-9A1E7A4F7556}") = "Day08", "Day08\Day08.csproj", "{9600A91E-2B07-408F-9808-5B86D2B1D11C}"
EndProject
Project("{9A19103F-16F7-4668-BE54-9A1E7A4F7556}") = "Day09", "Day09\Day09.csproj", "{CFF83611-60E9-4B31-9148-F70D0811A214}"
EndProject
Project("{9A19103F-16F7-4668-BE54-9A1E7A4F7556}") = "Day10", "Day10\Day10.csproj", "{0D320C42-EBF5-4658-AA2B-76F2525FD745}"
EndProject
Project("{9A19103F-16F7-4668-BE54-9A1E7A4F7556}") = "Day11", "Day11\Day11.csproj", "{AED9DDB8-5564-4F28-92A7-8DC20DB50451}"
EndProject
Project("{9A19103F-16F7-4668-BE54-9A1E7A4F7556}") = "Day12", "Day12\Day12.csproj", "{E2BD0055-08BA-4F7E-B8A5-19D70E7B0827}"
EndProject
Project("{9A19103F-16F7-4668-BE54-9A1E7A4F7556}") = "Day13", "Day13\Day13.csproj", "{04BBAC2F-0922-44DE-BD77-07781F331E0C}"
EndProject
Project("{FAE04EC0-301F-11D3-BF4B-00C04F79EFBC}") = "Day14", "Day14\Day14.csproj", "{7A9DBCDB-9CF3-4952-A24C-C69A1C452C20}"
EndProject
Project("{FAE04EC0-301F-11D3-BF4B-00C04F79EFBC}") = "Day15", "Day15\Day15.csproj", "{B8D18C0E-01B3-49F3-B670-0F6663BAB056}"
EndProject
Project("{9A19103F-16F7-4668-BE54-9A1E7A4F7556}") = "Day16", "Day16\Day16.csproj", "{93463E82-791C-4CC4-86EA-208E81D86CA0}"
EndProject
Project("{9A19103F-16F7-4668-BE54-9A1E7A4F7556}") = "Day17", "Day17\Day17.csproj", "{E3FBC5A9-A4CB-4EC5-9FC0-93B331BB1378}"
EndProject
Project("{FAE04EC0-301F-11D3-BF4B-00C04F79EFBC}") = "Day18", "Day18\Day18.csproj", "{4D20DDC3-0FE8-42B7-B479-578CD407CFFF}"
EndProject
Project("{9A19103F-16F7-4668-BE54-9A1E7A4F7556}") = "Day19", "Day19\Day19.csproj", "{01D71721-84ED-40D7-ACC7-86FBF8196DA5}"
EndProject
Project("{9A19103F-16F7-4668-BE54-9A1E7A4F7556}") = "Day20", "Day20\Day20.csproj", "{10C93F71-6023-4840-99F6-F157CCE7B759}"
EndProject
Project("{FAE04EC0-301F-11D3-BF4B-00C04F79EFBC}") = "Day21", "Day21\Day21.csproj", "{AE779EBA-59AC-4E9F-B101-2FA08FC4DF55}"
EndProject
Global
	GlobalSection(SolutionConfigurationPlatforms) = preSolution
		Debug|Any CPU = Debug|Any CPU
		Release|Any CPU = Release|Any CPU
	EndGlobalSection
	GlobalSection(ProjectConfigurationPlatforms) = postSolution
		{647E8475-39E2-4E5C-8E0D-ACD0D82B0AE9}.Debug|Any CPU.ActiveCfg = Debug|Any CPU
		{647E8475-39E2-4E5C-8E0D-ACD0D82B0AE9}.Debug|Any CPU.Build.0 = Debug|Any CPU
		{647E8475-39E2-4E5C-8E0D-ACD0D82B0AE9}.Release|Any CPU.ActiveCfg = Release|Any CPU
		{647E8475-39E2-4E5C-8E0D-ACD0D82B0AE9}.Release|Any CPU.Build.0 = Release|Any CPU
		{C6586E8A-4EDB-4647-8D64-4BF8EE2B6E1F}.Debug|Any CPU.ActiveCfg = Debug|Any CPU
		{C6586E8A-4EDB-4647-8D64-4BF8EE2B6E1F}.Debug|Any CPU.Build.0 = Debug|Any CPU
		{C6586E8A-4EDB-4647-8D64-4BF8EE2B6E1F}.Release|Any CPU.ActiveCfg = Release|Any CPU
		{C6586E8A-4EDB-4647-8D64-4BF8EE2B6E1F}.Release|Any CPU.Build.0 = Release|Any CPU
		{1F579014-3044-451B-BB3E-9EEF8136711D}.Debug|Any CPU.ActiveCfg = Debug|Any CPU
		{1F579014-3044-451B-BB3E-9EEF8136711D}.Debug|Any CPU.Build.0 = Debug|Any CPU
		{1F579014-3044-451B-BB3E-9EEF8136711D}.Release|Any CPU.ActiveCfg = Release|Any CPU
		{1F579014-3044-451B-BB3E-9EEF8136711D}.Release|Any CPU.Build.0 = Release|Any CPU
		{A8FEBC9B-20B3-43AD-9AF9-BE1EFB88759D}.Debug|Any CPU.ActiveCfg = Debug|Any CPU
		{A8FEBC9B-20B3-43AD-9AF9-BE1EFB88759D}.Debug|Any CPU.Build.0 = Debug|Any CPU
		{A8FEBC9B-20B3-43AD-9AF9-BE1EFB88759D}.Release|Any CPU.ActiveCfg = Release|Any CPU
		{A8FEBC9B-20B3-43AD-9AF9-BE1EFB88759D}.Release|Any CPU.Build.0 = Release|Any CPU
		{0E11B589-85CE-4B05-BCDE-2B4B658E2B93}.Debug|Any CPU.ActiveCfg = Debug|Any CPU
		{0E11B589-85CE-4B05-BCDE-2B4B658E2B93}.Debug|Any CPU.Build.0 = Debug|Any CPU
		{0E11B589-85CE-4B05-BCDE-2B4B658E2B93}.Release|Any CPU.ActiveCfg = Release|Any CPU
		{0E11B589-85CE-4B05-BCDE-2B4B658E2B93}.Release|Any CPU.Build.0 = Release|Any CPU
		{E7C9EBB0-7DE7-4816-B750-CF5587244B89}.Debug|Any CPU.ActiveCfg = Debug|Any CPU
		{E7C9EBB0-7DE7-4816-B750-CF5587244B89}.Debug|Any CPU.Build.0 = Debug|Any CPU
		{E7C9EBB0-7DE7-4816-B750-CF5587244B89}.Release|Any CPU.ActiveCfg = Release|Any CPU
		{E7C9EBB0-7DE7-4816-B750-CF5587244B89}.Release|Any CPU.Build.0 = Release|Any CPU
		{FB33ED52-A1EE-47C1-9911-A477A054046D}.Debug|Any CPU.ActiveCfg = Debug|Any CPU
		{FB33ED52-A1EE-47C1-9911-A477A054046D}.Debug|Any CPU.Build.0 = Debug|Any CPU
		{FB33ED52-A1EE-47C1-9911-A477A054046D}.Release|Any CPU.ActiveCfg = Release|Any CPU
		{FB33ED52-A1EE-47C1-9911-A477A054046D}.Release|Any CPU.Build.0 = Release|Any CPU
		{9600A91E-2B07-408F-9808-5B86D2B1D11C}.Debug|Any CPU.ActiveCfg = Debug|Any CPU
		{9600A91E-2B07-408F-9808-5B86D2B1D11C}.Debug|Any CPU.Build.0 = Debug|Any CPU
		{9600A91E-2B07-408F-9808-5B86D2B1D11C}.Release|Any CPU.ActiveCfg = Release|Any CPU
		{9600A91E-2B07-408F-9808-5B86D2B1D11C}.Release|Any CPU.Build.0 = Release|Any CPU
		{CFF83611-60E9-4B31-9148-F70D0811A214}.Debug|Any CPU.ActiveCfg = Debug|Any CPU
		{CFF83611-60E9-4B31-9148-F70D0811A214}.Debug|Any CPU.Build.0 = Debug|Any CPU
		{CFF83611-60E9-4B31-9148-F70D0811A214}.Release|Any CPU.ActiveCfg = Release|Any CPU
		{CFF83611-60E9-4B31-9148-F70D0811A214}.Release|Any CPU.Build.0 = Release|Any CPU
		{0D320C42-EBF5-4658-AA2B-76F2525FD745}.Debug|Any CPU.ActiveCfg = Debug|Any CPU
		{0D320C42-EBF5-4658-AA2B-76F2525FD745}.Debug|Any CPU.Build.0 = Debug|Any CPU
		{0D320C42-EBF5-4658-AA2B-76F2525FD745}.Release|Any CPU.ActiveCfg = Release|Any CPU
		{0D320C42-EBF5-4658-AA2B-76F2525FD745}.Release|Any CPU.Build.0 = Release|Any CPU
		{AED9DDB8-5564-4F28-92A7-8DC20DB50451}.Debug|Any CPU.ActiveCfg = Debug|Any CPU
		{AED9DDB8-5564-4F28-92A7-8DC20DB50451}.Debug|Any CPU.Build.0 = Debug|Any CPU
		{AED9DDB8-5564-4F28-92A7-8DC20DB50451}.Release|Any CPU.ActiveCfg = Release|Any CPU
		{AED9DDB8-5564-4F28-92A7-8DC20DB50451}.Release|Any CPU.Build.0 = Release|Any CPU
		{E2BD0055-08BA-4F7E-B8A5-19D70E7B0827}.Debug|Any CPU.ActiveCfg = Debug|Any CPU
		{E2BD0055-08BA-4F7E-B8A5-19D70E7B0827}.Debug|Any CPU.Build.0 = Debug|Any CPU
		{E2BD0055-08BA-4F7E-B8A5-19D70E7B0827}.Release|Any CPU.ActiveCfg = Release|Any CPU
		{E2BD0055-08BA-4F7E-B8A5-19D70E7B0827}.Release|Any CPU.Build.0 = Release|Any CPU
		{04BBAC2F-0922-44DE-BD77-07781F331E0C}.Debug|Any CPU.ActiveCfg = Debug|Any CPU
		{04BBAC2F-0922-44DE-BD77-07781F331E0C}.Debug|Any CPU.Build.0 = Debug|Any CPU
		{04BBAC2F-0922-44DE-BD77-07781F331E0C}.Release|Any CPU.ActiveCfg = Release|Any CPU
		{04BBAC2F-0922-44DE-BD77-07781F331E0C}.Release|Any CPU.Build.0 = Release|Any CPU
		{7A9DBCDB-9CF3-4952-A24C-C69A1C452C20}.Debug|Any CPU.ActiveCfg = Debug|Any CPU
		{7A9DBCDB-9CF3-4952-A24C-C69A1C452C20}.Debug|Any CPU.Build.0 = Debug|Any CPU
		{7A9DBCDB-9CF3-4952-A24C-C69A1C452C20}.Release|Any CPU.ActiveCfg = Release|Any CPU
		{7A9DBCDB-9CF3-4952-A24C-C69A1C452C20}.Release|Any CPU.Build.0 = Release|Any CPU
		{B8D18C0E-01B3-49F3-B670-0F6663BAB056}.Debug|Any CPU.ActiveCfg = Debug|Any CPU
		{B8D18C0E-01B3-49F3-B670-0F6663BAB056}.Debug|Any CPU.Build.0 = Debug|Any CPU
		{B8D18C0E-01B3-49F3-B670-0F6663BAB056}.Release|Any CPU.ActiveCfg = Release|Any CPU
		{B8D18C0E-01B3-49F3-B670-0F6663BAB056}.Release|Any CPU.Build.0 = Release|Any CPU
		{93463E82-791C-4CC4-86EA-208E81D86CA0}.Debug|Any CPU.ActiveCfg = Debug|Any CPU
		{93463E82-791C-4CC4-86EA-208E81D86CA0}.Debug|Any CPU.Build.0 = Debug|Any CPU
		{93463E82-791C-4CC4-86EA-208E81D86CA0}.Release|Any CPU.ActiveCfg = Release|Any CPU
		{93463E82-791C-4CC4-86EA-208E81D86CA0}.Release|Any CPU.Build.0 = Release|Any CPU
		{E3FBC5A9-A4CB-4EC5-9FC0-93B331BB1378}.Debug|Any CPU.ActiveCfg = Debug|Any CPU
		{E3FBC5A9-A4CB-4EC5-9FC0-93B331BB1378}.Debug|Any CPU.Build.0 = Debug|Any CPU
		{E3FBC5A9-A4CB-4EC5-9FC0-93B331BB1378}.Release|Any CPU.ActiveCfg = Release|Any CPU
		{E3FBC5A9-A4CB-4EC5-9FC0-93B331BB1378}.Release|Any CPU.Build.0 = Release|Any CPU
		{4D20DDC3-0FE8-42B7-B479-578CD407CFFF}.Debug|Any CPU.ActiveCfg = Debug|Any CPU
		{4D20DDC3-0FE8-42B7-B479-578CD407CFFF}.Debug|Any CPU.Build.0 = Debug|Any CPU
		{4D20DDC3-0FE8-42B7-B479-578CD407CFFF}.Release|Any CPU.ActiveCfg = Release|Any CPU
		{4D20DDC3-0FE8-42B7-B479-578CD407CFFF}.Release|Any CPU.Build.0 = Release|Any CPU
		{01D71721-84ED-40D7-ACC7-86FBF8196DA5}.Debug|Any CPU.ActiveCfg = Debug|Any CPU
		{01D71721-84ED-40D7-ACC7-86FBF8196DA5}.Debug|Any CPU.Build.0 = Debug|Any CPU
		{01D71721-84ED-40D7-ACC7-86FBF8196DA5}.Release|Any CPU.ActiveCfg = Release|Any CPU
		{01D71721-84ED-40D7-ACC7-86FBF8196DA5}.Release|Any CPU.Build.0 = Release|Any CPU
		{10C93F71-6023-4840-99F6-F157CCE7B759}.Debug|Any CPU.ActiveCfg = Debug|Any CPU
		{10C93F71-6023-4840-99F6-F157CCE7B759}.Debug|Any CPU.Build.0 = Debug|Any CPU
		{10C93F71-6023-4840-99F6-F157CCE7B759}.Release|Any CPU.ActiveCfg = Release|Any CPU
		{10C93F71-6023-4840-99F6-F157CCE7B759}.Release|Any CPU.Build.0 = Release|Any CPU
		{AE779EBA-59AC-4E9F-B101-2FA08FC4DF55}.Debug|Any CPU.ActiveCfg = Debug|Any CPU
		{AE779EBA-59AC-4E9F-B101-2FA08FC4DF55}.Debug|Any CPU.Build.0 = Debug|Any CPU
		{AE779EBA-59AC-4E9F-B101-2FA08FC4DF55}.Release|Any CPU.ActiveCfg = Release|Any CPU
		{AE779EBA-59AC-4E9F-B101-2FA08FC4DF55}.Release|Any CPU.Build.0 = Release|Any CPU
	EndGlobalSection
	GlobalSection(SolutionProperties) = preSolution
		HideSolutionNode = FALSE
	EndGlobalSection
	GlobalSection(ExtensibilityGlobals) = postSolution
		SolutionGuid = {6CF1AA82-B36A-475E-8045-667A3E5DAECA}
	EndGlobalSection
EndGlobal
